
Microsoft Visual Studio Solution File, Format Version 12.00
# Visual Studio Version 16
VisualStudioVersion = 16.0.31729.503
MinimumVisualStudioVersion = 10.0.40219.1
Project("{9A19103F-16F7-4668-BE54-9A1E7A4F7556}") = "Units", "Units\Units.csproj", "{A1055DEB-0812-4C6E-B61D-5872C6541297}"
EndProject
Project("{FAE04EC0-301F-11D3-BF4B-00C04F79EFBC}") = "UnitImplementation", "UnitImplementation\UnitImplementation.csproj", "{D981E90B-7F55-4D50-94D5-823640FBEDA8}"
EndProject
Global
	GlobalSection(SolutionConfigurationPlatforms) = preSolution
		Debug|Any CPU = Debug|Any CPU
		Release|Any CPU = Release|Any CPU
	EndGlobalSection
	GlobalSection(ProjectConfigurationPlatforms) = postSolution
		{A1055DEB-0812-4C6E-B61D-5872C6541297}.Debug|Any CPU.ActiveCfg = Debug|Any CPU
		{A1055DEB-0812-4C6E-B61D-5872C6541297}.Debug|Any CPU.Build.0 = Debug|Any CPU
		{A1055DEB-0812-4C6E-B61D-5872C6541297}.Release|Any CPU.ActiveCfg = Release|Any CPU
		{A1055DEB-0812-4C6E-B61D-5872C6541297}.Release|Any CPU.Build.0 = Release|Any CPU
		{D981E90B-7F55-4D50-94D5-823640FBEDA8}.Debug|Any CPU.ActiveCfg = Debug|Any CPU
		{D981E90B-7F55-4D50-94D5-823640FBEDA8}.Debug|Any CPU.Build.0 = Debug|Any CPU
		{D981E90B-7F55-4D50-94D5-823640FBEDA8}.Release|Any CPU.ActiveCfg = Release|Any CPU
		{D981E90B-7F55-4D50-94D5-823640FBEDA8}.Release|Any CPU.Build.0 = Release|Any CPU
	EndGlobalSection
	GlobalSection(SolutionProperties) = preSolution
		HideSolutionNode = FALSE
	EndGlobalSection
	GlobalSection(ExtensibilityGlobals) = postSolution
		SolutionGuid = {BC8C062A-5AFC-4623-B136-00DC48C4AF2C}
	EndGlobalSection
EndGlobal
